{
  "nodes": {
    "nixpkgs": {
      "locked": {
        "lastModified": 1743670886,
        "narHash": "sha256-k/c9CtyL+42hktFKGLl26Xo2dtREQPTf+KlHwqaHOZ4=",
        "owner": "NixOS",
        "repo": "nixpkgs",
        "rev": "6d6c5624422f92fcacd9f70779e635da8763e98f",
        "type": "github"
      },
      "original": {
        "owner": "NixOS",
        "ref": "release-24.11",
        "repo": "nixpkgs",
        "type": "github"
      }
    },
    "root": {
      "inputs": {
        "nixpkgs": "nixpkgs"
      }
    }
  },
  "root": "root",
  "version": 7
}
